
Microsoft Visual Studio Solution File, Format Version 11.00
# Visual Studio 2012
Project("{8BC9CEB8-8B4A-11D0-8D11-00A0C91BC942}") = "Assembler", "Assembler.vcxproj", "{CD56F2B7-EAA3-427F-A143-9290B9D9185D}"
EndProject
Global
	GlobalSection(SolutionConfigurationPlatforms) = preSolution
		Debug|Win32 = Debug|Win32
		Release|Win32 = Release|Win32
	EndGlobalSection
	GlobalSection(ProjectConfigurationPlatforms) = postSolution
		{CD56F2B7-EAA3-427F-A143-9290B9D9185D}.Debug|Win32.ActiveCfg = Debug|Win32
		{CD56F2B7-EAA3-427F-A143-9290B9D9185D}.Debug|Win32.Build.0 = Debug|Win32
		{CD56F2B7-EAA3-427F-A143-9290B9D9185D}.Release|Win32.ActiveCfg = Release|Win32
		{CD56F2B7-EAA3-427F-A143-9290B9D9185D}.Release|Win32.Build.0 = Release|Win32
	EndGlobalSection
	GlobalSection(SolutionProperties) = preSolution
		HideSolutionNode = FALSE
	EndGlobalSection
EndGlobal
